
Microsoft Visual Studio Solution File, Format Version 11.00
# Visual Studio 2010
Project("{FAE04EC0-301F-11D3-BF4B-00C04F79EFBC}") = "ETS", "ETS\ETS.csproj", "{18B8ED32-9907-4A39-8741-9507A478EC62}"
	ProjectSection(ProjectDependencies) = postProject
		{90E78BBF-C7FE-4D8E-ADE1-75448E866FDB} = {90E78BBF-C7FE-4D8E-ADE1-75448E866FDB}
		{9A1A77FE-F01B-495E-87B7-4B16E4F8C908} = {9A1A77FE-F01B-495E-87B7-4B16E4F8C908}
	EndProjectSection
EndProject
Project("{FAE04EC0-301F-11D3-BF4B-00C04F79EFBC}") = "ETS-Data", "ETS-Data\ETS-Data.csproj", "{D99F6FC5-BC8B-4118-A3CE-2FA5D5FE0C37}"
EndProject
Project("{54435603-DBB4-11D2-8724-00A0C9A8B90C}") = "ETS-Installer", "ETS-Installer\ETS-Installer.vdproj", "{AF3A47AF-1D9E-4BDC-8F2A-8F2E89F4E3D0}"
	ProjectSection(ProjectDependencies) = postProject
		{90E78BBF-C7FE-4D8E-ADE1-75448E866FDB} = {90E78BBF-C7FE-4D8E-ADE1-75448E866FDB}
		{D99F6FC5-BC8B-4118-A3CE-2FA5D5FE0C37} = {D99F6FC5-BC8B-4118-A3CE-2FA5D5FE0C37}
	EndProjectSection
EndProject
Project("{FAE04EC0-301F-11D3-BF4B-00C04F79EFBC}") = "Emgu.CV", "Emgu.CV\Emgu.CV.csproj", "{9A1A77FE-F01B-495E-87B7-4B16E4F8C908}"
EndProject
Project("{FAE04EC0-301F-11D3-BF4B-00C04F79EFBC}") = "Emgu.Util", "Emgu.Util\Emgu.Util.csproj", "{7C2C5325-8235-4A24-9C67-6BD79A4679E2}"
EndProject
Project("{FAE04EC0-301F-11D3-BF4B-00C04F79EFBC}") = "Emgu.CV.UI", "Emgu.CV.UI\Emgu.CV.UI.csproj", "{90E78BBF-C7FE-4D8E-ADE1-75448E866FDB}"
EndProject
Global
	GlobalSection(SolutionConfigurationPlatforms) = preSolution
		Debug|Any CPU = Debug|Any CPU
		Debug|Mixed Platforms = Debug|Mixed Platforms
		Debug|x86 = Debug|x86
		Release|Any CPU = Release|Any CPU
		Release|Mixed Platforms = Release|Mixed Platforms
		Release|x86 = Release|x86
	EndGlobalSection
	GlobalSection(ProjectConfigurationPlatforms) = postSolution
		{18B8ED32-9907-4A39-8741-9507A478EC62}.Debug|Any CPU.ActiveCfg = Debug|Any CPU
		{18B8ED32-9907-4A39-8741-9507A478EC62}.Debug|Any CPU.Build.0 = Debug|Any CPU
		{18B8ED32-9907-4A39-8741-9507A478EC62}.Debug|Mixed Platforms.ActiveCfg = Debug|Any CPU
		{18B8ED32-9907-4A39-8741-9507A478EC62}.Debug|Mixed Platforms.Build.0 = Debug|Any CPU
		{18B8ED32-9907-4A39-8741-9507A478EC62}.Debug|x86.ActiveCfg = Debug|Any CPU
		{18B8ED32-9907-4A39-8741-9507A478EC62}.Release|Any CPU.ActiveCfg = Release|Any CPU
		{18B8ED32-9907-4A39-8741-9507A478EC62}.Release|Any CPU.Build.0 = Release|Any CPU
		{18B8ED32-9907-4A39-8741-9507A478EC62}.Release|Mixed Platforms.ActiveCfg = Release|Any CPU
		{18B8ED32-9907-4A39-8741-9507A478EC62}.Release|Mixed Platforms.Build.0 = Release|Any CPU
		{18B8ED32-9907-4A39-8741-9507A478EC62}.Release|x86.ActiveCfg = Release|Any CPU
		{D99F6FC5-BC8B-4118-A3CE-2FA5D5FE0C37}.Debug|Any CPU.ActiveCfg = Debug|Any CPU
		{D99F6FC5-BC8B-4118-A3CE-2FA5D5FE0C37}.Debug|Any CPU.Build.0 = Debug|Any CPU
		{D99F6FC5-BC8B-4118-A3CE-2FA5D5FE0C37}.Debug|Mixed Platforms.ActiveCfg = Debug|Any CPU
		{D99F6FC5-BC8B-4118-A3CE-2FA5D5FE0C37}.Debug|Mixed Platforms.Build.0 = Debug|Any CPU
		{D99F6FC5-BC8B-4118-A3CE-2FA5D5FE0C37}.Debug|x86.ActiveCfg = Debug|Any CPU
		{D99F6FC5-BC8B-4118-A3CE-2FA5D5FE0C37}.Release|Any CPU.ActiveCfg = Release|Any CPU
		{D99F6FC5-BC8B-4118-A3CE-2FA5D5FE0C37}.Release|Any CPU.Build.0 = Release|Any CPU
		{D99F6FC5-BC8B-4118-A3CE-2FA5D5FE0C37}.Release|Mixed Platforms.ActiveCfg = Release|Any CPU
		{D99F6FC5-BC8B-4118-A3CE-2FA5D5FE0C37}.Release|Mixed Platforms.Build.0 = Release|Any CPU
		{D99F6FC5-BC8B-4118-A3CE-2FA5D5FE0C37}.Release|x86.ActiveCfg = Release|Any CPU
		{AF3A47AF-1D9E-4BDC-8F2A-8F2E89F4E3D0}.Debug|Any CPU.ActiveCfg = Debug
		{AF3A47AF-1D9E-4BDC-8F2A-8F2E89F4E3D0}.Debug|Any CPU.Build.0 = Debug
		{AF3A47AF-1D9E-4BDC-8F2A-8F2E89F4E3D0}.Debug|Mixed Platforms.ActiveCfg = Debug
		{AF3A47AF-1D9E-4BDC-8F2A-8F2E89F4E3D0}.Debug|x86.ActiveCfg = Debug
		{AF3A47AF-1D9E-4BDC-8F2A-8F2E89F4E3D0}.Debug|x86.Build.0 = Debug
		{AF3A47AF-1D9E-4BDC-8F2A-8F2E89F4E3D0}.Release|Any CPU.ActiveCfg = Release
		{AF3A47AF-1D9E-4BDC-8F2A-8F2E89F4E3D0}.Release|Any CPU.Build.0 = Release
		{AF3A47AF-1D9E-4BDC-8F2A-8F2E89F4E3D0}.Release|Mixed Platforms.ActiveCfg = Release
		{AF3A47AF-1D9E-4BDC-8F2A-8F2E89F4E3D0}.Release|x86.ActiveCfg = Release
		{AF3A47AF-1D9E-4BDC-8F2A-8F2E89F4E3D0}.Release|x86.Build.0 = Release
		{9A1A77FE-F01B-495E-87B7-4B16E4F8C908}.Debug|Any CPU.ActiveCfg = Debug|Any CPU
		{9A1A77FE-F01B-495E-87B7-4B16E4F8C908}.Debug|Any CPU.Build.0 = Debug|Any CPU
		{9A1A77FE-F01B-495E-87B7-4B16E4F8C908}.Debug|Mixed Platforms.ActiveCfg = Debug|Any CPU
		{9A1A77FE-F01B-495E-87B7-4B16E4F8C908}.Debug|Mixed Platforms.Build.0 = Debug|Any CPU
		{9A1A77FE-F01B-495E-87B7-4B16E4F8C908}.Debug|x86.ActiveCfg = Debug|Any CPU
		{9A1A77FE-F01B-495E-87B7-4B16E4F8C908}.Release|Any CPU.ActiveCfg = Release|Any CPU
		{9A1A77FE-F01B-495E-87B7-4B16E4F8C908}.Release|Any CPU.Build.0 = Release|Any CPU
		{9A1A77FE-F01B-495E-87B7-4B16E4F8C908}.Release|Mixed Platforms.ActiveCfg = Release|Any CPU
		{9A1A77FE-F01B-495E-87B7-4B16E4F8C908}.Release|Mixed Platforms.Build.0 = Release|Any CPU
		{9A1A77FE-F01B-495E-87B7-4B16E4F8C908}.Release|x86.ActiveCfg = Release|Any CPU
		{7C2C5325-8235-4A24-9C67-6BD79A4679E2}.Debug|Any CPU.ActiveCfg = Debug|Any CPU
		{7C2C5325-8235-4A24-9C67-6BD79A4679E2}.Debug|Any CPU.Build.0 = Debug|Any CPU
		{7C2C5325-8235-4A24-9C67-6BD79A4679E2}.Debug|Mixed Platforms.ActiveCfg = Debug|Any CPU
		{7C2C5325-8235-4A24-9C67-6BD79A4679E2}.Debug|Mixed Platforms.Build.0 = Debug|Any CPU
		{7C2C5325-8235-4A24-9C67-6BD79A4679E2}.Debug|x86.ActiveCfg = Debug|Any CPU
		{7C2C5325-8235-4A24-9C67-6BD79A4679E2}.Release|Any CPU.ActiveCfg = Release|Any CPU
		{7C2C5325-8235-4A24-9C67-6BD79A4679E2}.Release|Any CPU.Build.0 = Release|Any CPU
		{7C2C5325-8235-4A24-9C67-6BD79A4679E2}.Release|Mixed Platforms.ActiveCfg = Release|Any CPU
		{7C2C5325-8235-4A24-9C67-6BD79A4679E2}.Release|Mixed Platforms.Build.0 = Release|Any CPU
		{7C2C5325-8235-4A24-9C67-6BD79A4679E2}.Release|x86.ActiveCfg = Release|Any CPU
		{90E78BBF-C7FE-4D8E-ADE1-75448E866FDB}.Debug|Any CPU.ActiveCfg = Debug|Any CPU
		{90E78BBF-C7FE-4D8E-ADE1-75448E866FDB}.Debug|Any CPU.Build.0 = Debug|Any CPU
		{90E78BBF-C7FE-4D8E-ADE1-75448E866FDB}.Debug|Mixed Platforms.ActiveCfg = Debug|Any CPU
		{90E78BBF-C7FE-4D8E-ADE1-75448E866FDB}.Debug|Mixed Platforms.Build.0 = Debug|Any CPU
		{90E78BBF-C7FE-4D8E-ADE1-75448E866FDB}.Debug|x86.ActiveCfg = Debug|Any CPU
		{90E78BBF-C7FE-4D8E-ADE1-75448E866FDB}.Release|Any CPU.ActiveCfg = Release|Any CPU
		{90E78BBF-C7FE-4D8E-ADE1-75448E866FDB}.Release|Any CPU.Build.0 = Release|Any CPU
		{90E78BBF-C7FE-4D8E-ADE1-75448E866FDB}.Release|Mixed Platforms.ActiveCfg = Release|Any CPU
		{90E78BBF-C7FE-4D8E-ADE1-75448E866FDB}.Release|Mixed Platforms.Build.0 = Release|Any CPU
		{90E78BBF-C7FE-4D8E-ADE1-75448E866FDB}.Release|x86.ActiveCfg = Release|Any CPU
	EndGlobalSection
	GlobalSection(SolutionProperties) = preSolution
		HideSolutionNode = FALSE
	EndGlobalSection
	GlobalSection(MonoDevelopProperties) = preSolution
		StartupItem = ETS\ETS.csproj
	EndGlobalSection
EndGlobal
